
Microsoft Visual Studio Solution File, Format Version 12.00
# Visual Studio Version 16
VisualStudioVersion = 16.0.31205.134
MinimumVisualStudioVersion = 10.0.40219.1
Project("{FAE04EC0-301F-11D3-BF4B-00C04F79EFBC}") = "spammer", "spammer\spammer.csproj", "{7F4D2213-79EF-4F5E-AB61-25F8517D8D9E}"
EndProject
Global
	GlobalSection(SolutionConfigurationPlatforms) = preSolution
		Debug|Any CPU = Debug|Any CPU
		Release|Any CPU = Release|Any CPU
	EndGlobalSection
	GlobalSection(ProjectConfigurationPlatforms) = postSolution
		{7F4D2213-79EF-4F5E-AB61-25F8517D8D9E}.Debug|Any CPU.ActiveCfg = Debug|Any CPU
		{7F4D2213-79EF-4F5E-AB61-25F8517D8D9E}.Debug|Any CPU.Build.0 = Debug|Any CPU
		{7F4D2213-79EF-4F5E-AB61-25F8517D8D9E}.Release|Any CPU.ActiveCfg = Release|Any CPU
		{7F4D2213-79EF-4F5E-AB61-25F8517D8D9E}.Release|Any CPU.Build.0 = Release|Any CPU
	EndGlobalSection
	GlobalSection(SolutionProperties) = preSolution
		HideSolutionNode = FALSE
	EndGlobalSection
	GlobalSection(ExtensibilityGlobals) = postSolution
		SolutionGuid = {67092D3F-B6B1-43BF-9858-DAE780E07CCB}
	EndGlobalSection
EndGlobal
